
Microsoft Visual Studio Solution File, Format Version 11.00
# Visual C# Express 2010
Project("{FAE04EC0-301F-11D3-BF4B-00C04F79EFBC}") = "Collage", "Collage\Collage.csproj", "{2BDD663E-A83D-462C-A214-CD3A17C434F0}"
EndProject
Project("{FAE04EC0-301F-11D3-BF4B-00C04F79EFBC}") = "Collage.Engine", "Collage.Engine\Collage.Engine.csproj", "{BC82FC61-26E6-4F4A-AF93-73C38AA46394}"
EndProject
Project("{FAE04EC0-301F-11D3-BF4B-00C04F79EFBC}") = "CollageConsole", "CollageConsole\CollageConsole.csproj", "{B6225AAA-1E30-40A2-8E9A-9D8731D16990}"
EndProject
Global
	GlobalSection(SolutionConfigurationPlatforms) = preSolution
		Debug|Any CPU = Debug|Any CPU
		Debug|Mixed Platforms = Debug|Mixed Platforms
		Debug|x86 = Debug|x86
		Release|Any CPU = Release|Any CPU
		Release|Mixed Platforms = Release|Mixed Platforms
		Release|x86 = Release|x86
	EndGlobalSection
	GlobalSection(ProjectConfigurationPlatforms) = postSolution
		{2BDD663E-A83D-462C-A214-CD3A17C434F0}.Debug|Any CPU.ActiveCfg = Debug|Any CPU
		{2BDD663E-A83D-462C-A214-CD3A17C434F0}.Debug|Any CPU.Build.0 = Debug|Any CPU
		{2BDD663E-A83D-462C-A214-CD3A17C434F0}.Debug|Mixed Platforms.ActiveCfg = Debug|Any CPU
		{2BDD663E-A83D-462C-A214-CD3A17C434F0}.Debug|Mixed Platforms.Build.0 = Debug|Any CPU
		{2BDD663E-A83D-462C-A214-CD3A17C434F0}.Debug|x86.ActiveCfg = Debug|Any CPU
		{2BDD663E-A83D-462C-A214-CD3A17C434F0}.Release|Any CPU.ActiveCfg = Release|Any CPU
		{2BDD663E-A83D-462C-A214-CD3A17C434F0}.Release|Any CPU.Build.0 = Release|Any CPU
		{2BDD663E-A83D-462C-A214-CD3A17C434F0}.Release|Mixed Platforms.ActiveCfg = Release|Any CPU
		{2BDD663E-A83D-462C-A214-CD3A17C434F0}.Release|Mixed Platforms.Build.0 = Release|Any CPU
		{2BDD663E-A83D-462C-A214-CD3A17C434F0}.Release|x86.ActiveCfg = Release|Any CPU
		{BC82FC61-26E6-4F4A-AF93-73C38AA46394}.Debug|Any CPU.ActiveCfg = Debug|Any CPU
		{BC82FC61-26E6-4F4A-AF93-73C38AA46394}.Debug|Any CPU.Build.0 = Debug|Any CPU
		{BC82FC61-26E6-4F4A-AF93-73C38AA46394}.Debug|Mixed Platforms.ActiveCfg = Debug|Any CPU
		{BC82FC61-26E6-4F4A-AF93-73C38AA46394}.Debug|Mixed Platforms.Build.0 = Debug|Any CPU
		{BC82FC61-26E6-4F4A-AF93-73C38AA46394}.Debug|x86.ActiveCfg = Debug|Any CPU
		{BC82FC61-26E6-4F4A-AF93-73C38AA46394}.Release|Any CPU.ActiveCfg = Release|Any CPU
		{BC82FC61-26E6-4F4A-AF93-73C38AA46394}.Release|Any CPU.Build.0 = Release|Any CPU
		{BC82FC61-26E6-4F4A-AF93-73C38AA46394}.Release|Mixed Platforms.ActiveCfg = Release|Any CPU
		{BC82FC61-26E6-4F4A-AF93-73C38AA46394}.Release|Mixed Platforms.Build.0 = Release|Any CPU
		{BC82FC61-26E6-4F4A-AF93-73C38AA46394}.Release|x86.ActiveCfg = Release|Any CPU
		{B6225AAA-1E30-40A2-8E9A-9D8731D16990}.Debug|Any CPU.ActiveCfg = Debug|x86
		{B6225AAA-1E30-40A2-8E9A-9D8731D16990}.Debug|Mixed Platforms.ActiveCfg = Debug|x86
		{B6225AAA-1E30-40A2-8E9A-9D8731D16990}.Debug|Mixed Platforms.Build.0 = Debug|x86
		{B6225AAA-1E30-40A2-8E9A-9D8731D16990}.Debug|x86.ActiveCfg = Debug|x86
		{B6225AAA-1E30-40A2-8E9A-9D8731D16990}.Debug|x86.Build.0 = Debug|x86
		{B6225AAA-1E30-40A2-8E9A-9D8731D16990}.Release|Any CPU.ActiveCfg = Release|x86
		{B6225AAA-1E30-40A2-8E9A-9D8731D16990}.Release|Mixed Platforms.ActiveCfg = Release|x86
		{B6225AAA-1E30-40A2-8E9A-9D8731D16990}.Release|Mixed Platforms.Build.0 = Release|x86
		{B6225AAA-1E30-40A2-8E9A-9D8731D16990}.Release|x86.ActiveCfg = Release|x86
		{B6225AAA-1E30-40A2-8E9A-9D8731D16990}.Release|x86.Build.0 = Release|x86
	EndGlobalSection
	GlobalSection(SolutionProperties) = preSolution
		HideSolutionNode = FALSE
	EndGlobalSection
EndGlobal
